<?xml version="1.0" encoding="utf-8"?>
<Project ToolsVersion="4.0" xmlns="http://schemas.microsoft.com/developer/msbuild/2003">
  <ItemGroup>
    <ClCompile Include="..\glad.c" />
    <ClCompile Include="General\main.cpp">
      <Filter>General</Filter>
    </ClCompile>
    <ClCompile Include="General\FileManager.cpp">
      <Filter>General</Filter>
    </ClCompile>
    <ClCompile Include="General\Renderer.cpp">
      <Filter>General</Filter>
    </ClCompile>
    <ClCompile Include="General\ShaderManager.cpp">
      <Filter>General</Filter>
    </ClCompile>
    <ClCompile Include="General\Shader.cpp">
      <Filter>General</Filter>
    </ClCompile>
    <ClCompile Include="..\stb_image.cpp" />
    <ClCompile Include="General\Texture.cpp">
      <Filter>General</Filter>
    </ClCompile>
    <ClCompile Include="General\Camera.cpp">
      <Filter>General</Filter>
    </ClCompile>
    <ClCompile Include="General\Game.cpp">
      <Filter>General</Filter>
    </ClCompile>
    <ClCompile Include="General\GameContext.cpp">
      <Filter>General</Filter>
    </ClCompile>
    <ClCompile Include="cs520\Jello.cpp">
      <Filter>cs520</Filter>
    </ClCompile>
    <ClCompile Include="Physics\Particle.cpp">
      <Filter>Physics</Filter>
    </ClCompile>
    <ClCompile Include="General\Mesh.cpp" />
    <ClCompile Include="Physics\PhysicsManager.cpp">
      <Filter>Physics</Filter>
    </ClCompile>
    <ClCompile Include="Physics\ParticleForceRegistry.cpp">
      <Filter>Physics</Filter>
    </ClCompile>
    <ClCompile Include="Physics\ForceGenerators\BasicSprintFG.cpp">
      <Filter>Physics\ForceGenerators</Filter>
    </ClCompile>
    <ClCompile Include="General\World.cpp">
      <Filter>General</Filter>
    </ClCompile>
    <ClCompile Include="General\SceneNode.cpp">
      <Filter>General</Filter>
    </ClCompile>
    <ClCompile Include="cs520\JelloWorld.cpp">
      <Filter>cs520</Filter>
    </ClCompile>
    <ClCompile Include="General\GameObject.cpp">
      <Filter>General</Filter>
    </ClCompile>
    <ClCompile Include="General\DrawList.cpp">
      <Filter>General</Filter>
    </ClCompile>
  </ItemGroup>
  <ItemGroup>
    <None Include="VertexShader.glsl" />
    <None Include="FragmentShader.glsl" />
    <None Include="DebugDrawShader.frag" />
    <None Include="DebugDrawShader.vert" />
    <None Include="LightingShader.frag" />
    <None Include="LampShader.frag" />
    <None Include="JelloVS.vert" />
    <None Include="JelloFS.frag" />
  </ItemGroup>
  <ItemGroup>
    <ClInclude Include="General\FileManager.h">
      <Filter>General</Filter>
    </ClInclude>
    <ClInclude Include="General\Renderer.h">
      <Filter>General</Filter>
    </ClInclude>
    <ClInclude Include="General\ShaderManager.h">
      <Filter>General</Filter>
    </ClInclude>
    <ClInclude Include="General\Shader.h">
      <Filter>General</Filter>
    </ClInclude>
    <ClInclude Include="..\stb_image.h" />
    <ClInclude Include="General\Texture.h">
      <Filter>General</Filter>
    </ClInclude>
    <ClInclude Include="General\Camera.h">
      <Filter>General</Filter>
    </ClInclude>
    <ClInclude Include="General\Game.h">
      <Filter>General</Filter>
    </ClInclude>
    <ClInclude Include="General\main.h">
      <Filter>General</Filter>
    </ClInclude>
    <ClInclude Include="General\GameContext.h">
      <Filter>General</Filter>
    </ClInclude>
    <ClInclude Include="cs520\Jello.h">
      <Filter>cs520</Filter>
    </ClInclude>
    <ClInclude Include="Physics\Particle.h">
      <Filter>Physics</Filter>
    </ClInclude>
    <ClInclude Include="Physics\PhyxConstants.h">
      <Filter>Physics</Filter>
    </ClInclude>
    <ClInclude Include="General\Mesh.h" />
    <ClInclude Include="Physics\PhysicsManager.h">
      <Filter>Physics</Filter>
    </ClInclude>
    <ClInclude Include="Physics\ParticleForceRegistry.h">
      <Filter>Physics</Filter>
    </ClInclude>
    <ClInclude Include="Physics\ForceGenerator.h">
      <Filter>Physics</Filter>
    </ClInclude>
    <ClInclude Include="Physics\ForceGenerators\BasicSprintFG.h">
      <Filter>Physics\ForceGenerators</Filter>
    </ClInclude>
    <ClInclude Include="General\glm.h">
      <Filter>General</Filter>
    </ClInclude>
    <ClInclude Include="General\World.h">
      <Filter>General</Filter>
    </ClInclude>
    <ClInclude Include="General\SceneNode.h">
      <Filter>General</Filter>
    </ClInclude>
    <ClInclude Include="cs520\JelloWorld.h">
      <Filter>cs520</Filter>
    </ClInclude>
    <ClInclude Include="General\GameObject.h">
      <Filter>General</Filter>
    </ClInclude>
    <ClInclude Include="General\DrawList.h">
      <Filter>General</Filter>
    </ClInclude>
    <ClInclude Include="General\BaseClass.h">
      <Filter>General</Filter>
    </ClInclude>
  </ItemGroup>
  <ItemGroup>
    <Filter Include="General">
      <UniqueIdentifier>{9e44ebe8-2591-485c-bf58-9aa63caa7575}</UniqueIdentifier>
    </Filter>
    <Filter Include="cs520">
      <UniqueIdentifier>{cf3de7ab-1364-4184-ab2e-e582f2529fd1}</UniqueIdentifier>
    </Filter>
    <Filter Include="Physics">
      <UniqueIdentifier>{190338e8-b9a2-43ae-8580-a4cfcd68a407}</UniqueIdentifier>
    </Filter>
    <Filter Include="Physics\ForceGenerators">
      <UniqueIdentifier>{b0ba428e-a28b-4b9f-82c5-93e4e5e49768}</UniqueIdentifier>
    </Filter>
  </ItemGroup>
</Project>