<?xml version="1.0" encoding="utf-8"?>
<Project ToolsVersion="4.0" xmlns="http://schemas.microsoft.com/developer/msbuild/2003">
  <ItemGroup>
    <ClCompile Include="..\glad.c" />
    <ClCompile Include="General\main.cpp">
      <Filter>General</Filter>
    </ClCompile>
    <ClCompile Include="General\FileManager.cpp">
      <Filter>General</Filter>
    </ClCompile>
    <ClCompile Include="General\ShaderManager.cpp">
      <Filter>General</Filter>
    </ClCompile>
    <ClCompile Include="..\stb_image.cpp" />
    <ClCompile Include="General\Camera.cpp">
      <Filter>General</Filter>
    </ClCompile>
    <ClCompile Include="General\Game.cpp">
      <Filter>General</Filter>
    </ClCompile>
    <ClCompile Include="General\GameContext.cpp">
      <Filter>General</Filter>
    </ClCompile>
    <ClCompile Include="Physics\Particle.cpp">
      <Filter>Physics</Filter>
    </ClCompile>
    <ClCompile Include="Physics\PhysicsManager.cpp">
      <Filter>Physics</Filter>
    </ClCompile>
    <ClCompile Include="Physics\ParticleForceRegistry.cpp">
      <Filter>Physics</Filter>
    </ClCompile>
    <ClCompile Include="Physics\ForceGenerators\BasicSprintFG.cpp">
      <Filter>Physics\ForceGenerators</Filter>
    </ClCompile>
    <ClCompile Include="General\World.cpp">
      <Filter>General</Filter>
    </ClCompile>
    <ClCompile Include="General\SceneNode.cpp">
      <Filter>General</Filter>
    </ClCompile>
    <ClCompile Include="General\GameObject.cpp">
      <Filter>General</Filter>
    </ClCompile>
    <ClCompile Include="General\DrawList.cpp">
      <Filter>General</Filter>
    </ClCompile>
    <ClCompile Include="Physics\ForceGenerators\CollisionSpringFG.cpp">
      <Filter>Physics\ForceGenerators</Filter>
    </ClCompile>
    <ClCompile Include="General\pic.cpp">
      <Filter>General</Filter>
    </ClCompile>
    <ClCompile Include="General\ppm.cpp">
      <Filter>General</Filter>
    </ClCompile>
    <ClCompile Include="General\InputHandler.cpp">
      <Filter>General</Filter>
    </ClCompile>
    <ClCompile Include="Render\Renderer.cpp">
      <Filter>Render</Filter>
    </ClCompile>
    <ClCompile Include="Render\Shader.cpp">
      <Filter>Render</Filter>
    </ClCompile>
    <ClCompile Include="Render\Texture.cpp">
      <Filter>Render</Filter>
    </ClCompile>
    <ClCompile Include="Render\Light.cpp">
      <Filter>Render</Filter>
    </ClCompile>
    <ClCompile Include="cs520\Jello.cpp">
      <Filter>cs520\HW1</Filter>
    </ClCompile>
    <ClCompile Include="cs520\JelloWorld.cpp">
      <Filter>cs520\HW1</Filter>
    </ClCompile>
    <ClCompile Include="cs520\JelloWorldInputHandler.cpp">
      <Filter>cs520\HW1</Filter>
    </ClCompile>
    <ClCompile Include="cs520\HW2\HW2InputHandler.cpp">
      <Filter>cs520\HW2</Filter>
    </ClCompile>
    <ClCompile Include="cs520\HW2\ParticleAttractor.cpp">
      <Filter>cs520\HW2</Filter>
    </ClCompile>
    <ClCompile Include="cs520\HW2\ParticleWorld.cpp">
      <Filter>cs520\HW2</Filter>
    </ClCompile>
    <ClCompile Include="ParticleSystem\ParticleSystem.cpp">
      <Filter>ParticleSystem</Filter>
    </ClCompile>
    <ClCompile Include="Math\MatrixMxN.cpp">
      <Filter>Math</Filter>
    </ClCompile>
    <ClCompile Include="cs520\HW3\IKWorld.cpp">
      <Filter>cs520\HW3</Filter>
    </ClCompile>
    <ClCompile Include="cs520\HW3\BoneStructs.cpp">
      <Filter>cs520\HW3</Filter>
    </ClCompile>
    <ClCompile Include="cs520\HW3\TailSkel.cpp">
      <Filter>cs520\HW3</Filter>
    </ClCompile>
    <ClCompile Include="cs520\HW3\HW3InputHandler.cpp">
      <Filter>cs520\HW3</Filter>
    </ClCompile>
    <ClCompile Include="General\PrimitiveComponent.cpp" />
    <ClCompile Include="General\Component.cpp">
      <Filter>General</Filter>
    </ClCompile>
    <ClCompile Include="Mesh\Model.cpp">
      <Filter>Mesh</Filter>
    </ClCompile>
    <ClCompile Include="SimpleWorld\SimpleWorld.cpp">
      <Filter>SimpleWorld</Filter>
    </ClCompile>
    <ClCompile Include="Mesh\Mesh.cpp">
      <Filter>Mesh</Filter>
    </ClCompile>
    <ClCompile Include="General\SceneObject.cpp" />
    <ClCompile Include="Mesh\StaticMeshComponent.cpp" />
    <ClCompile Include="Physics\ForceGenerators\AnchoredSpringFG.cpp">
      <Filter>Physics\ForceGenerators</Filter>
    </ClCompile>
    <ClCompile Include="Physics\ForceGenerators\FakeSprintFG.cpp">
      <Filter>Physics\ForceGenerators</Filter>
    </ClCompile>
    <ClCompile Include="ParticleLink.cpp">
      <Filter>Physics\ContactGenerators</Filter>
    </ClCompile>
    <ClCompile Include="Physics\Contacts.cpp">
      <Filter>Physics</Filter>
    </ClCompile>
  </ItemGroup>
  <ItemGroup>
    <None Include="VertexShader.glsl" />
    <None Include="FragmentShader.glsl" />
    <None Include="DebugDrawShader.frag" />
    <None Include="DebugDrawShader.vert" />
    <None Include="LightingShader.frag" />
    <None Include="LampShader.frag" />
    <None Include="JelloVS.vert" />
    <None Include="JelloFS.frag" />
    <None Include="WireJello.vert" />
    <None Include="OnScreenText.vert" />
    <None Include="OnScreenText.frag" />
    <None Include="ScreenSpaceParticle.vert" />
    <None Include="ScreenSpaceParticle.frag" />
    <None Include="SimpleWorld\SimpleShader.frag">
      <Filter>SimpleWorld</Filter>
    </None>
    <None Include="SimpleWorld\SimpleShader.vert">
      <Filter>SimpleWorld</Filter>
    </None>
  </ItemGroup>
  <ItemGroup>
    <ClInclude Include="General\FileManager.h">
      <Filter>General</Filter>
    </ClInclude>
    <ClInclude Include="General\ShaderManager.h">
      <Filter>General</Filter>
    </ClInclude>
    <ClInclude Include="..\stb_image.h" />
    <ClInclude Include="General\Camera.h">
      <Filter>General</Filter>
    </ClInclude>
    <ClInclude Include="General\Game.h">
      <Filter>General</Filter>
    </ClInclude>
    <ClInclude Include="General\main.h">
      <Filter>General</Filter>
    </ClInclude>
    <ClInclude Include="General\GameContext.h">
      <Filter>General</Filter>
    </ClInclude>
    <ClInclude Include="Physics\Particle.h">
      <Filter>Physics</Filter>
    </ClInclude>
    <ClInclude Include="Physics\PhysicsManager.h">
      <Filter>Physics</Filter>
    </ClInclude>
    <ClInclude Include="Physics\ParticleForceRegistry.h">
      <Filter>Physics</Filter>
    </ClInclude>
    <ClInclude Include="Physics\ForceGenerator.h">
      <Filter>Physics</Filter>
    </ClInclude>
    <ClInclude Include="Physics\ForceGenerators\BasicSprintFG.h">
      <Filter>Physics\ForceGenerators</Filter>
    </ClInclude>
    <ClInclude Include="General\glm.h">
      <Filter>General</Filter>
    </ClInclude>
    <ClInclude Include="General\World.h">
      <Filter>General</Filter>
    </ClInclude>
    <ClInclude Include="General\SceneNode.h">
      <Filter>General</Filter>
    </ClInclude>
    <ClInclude Include="General\GameObject.h">
      <Filter>General</Filter>
    </ClInclude>
    <ClInclude Include="General\DrawList.h">
      <Filter>General</Filter>
    </ClInclude>
    <ClInclude Include="General\BaseClass.h">
      <Filter>General</Filter>
    </ClInclude>
    <ClInclude Include="Physics\ForceGenerators\CollisionSpringFG.h">
      <Filter>Physics\ForceGenerators</Filter>
    </ClInclude>
    <ClInclude Include="General\pic.h">
      <Filter>General</Filter>
    </ClInclude>
    <ClInclude Include="General\InputHandler.h">
      <Filter>General</Filter>
    </ClInclude>
    <ClInclude Include="Render\Renderer.h">
      <Filter>Render</Filter>
    </ClInclude>
    <ClInclude Include="Render\Shader.h">
      <Filter>Render</Filter>
    </ClInclude>
    <ClInclude Include="Render\Texture.h">
      <Filter>Render</Filter>
    </ClInclude>
    <ClInclude Include="Render\Light.h">
      <Filter>Render</Filter>
    </ClInclude>
    <ClInclude Include="cs520\JelloWorldInputHandler.h">
      <Filter>cs520\HW1</Filter>
    </ClInclude>
    <ClInclude Include="cs520\Jello.h">
      <Filter>cs520\HW1</Filter>
    </ClInclude>
    <ClInclude Include="cs520\JelloWorld.h">
      <Filter>cs520\HW1</Filter>
    </ClInclude>
    <ClInclude Include="cs520\HW2\HW2InputHandler.h">
      <Filter>cs520\HW2</Filter>
    </ClInclude>
    <ClInclude Include="cs520\HW2\ParticleAttractor.h">
      <Filter>cs520\HW2</Filter>
    </ClInclude>
    <ClInclude Include="cs520\HW2\ParticleWorld.h">
      <Filter>cs520\HW2</Filter>
    </ClInclude>
    <ClInclude Include="ParticleSystem\ParticleSystem.h">
      <Filter>ParticleSystem</Filter>
    </ClInclude>
    <ClInclude Include="Math\MatrixMxN.h">
      <Filter>Math</Filter>
    </ClInclude>
    <ClInclude Include="cs520\HW3\IKWorld.h">
      <Filter>cs520\HW3</Filter>
    </ClInclude>
    <ClInclude Include="cs520\HW3\BoneStructs.h">
      <Filter>cs520\HW3</Filter>
    </ClInclude>
    <ClInclude Include="cs520\HW3\TailSkel.h">
      <Filter>cs520\HW3</Filter>
    </ClInclude>
    <ClInclude Include="Math\MathStatics.h">
      <Filter>Math</Filter>
    </ClInclude>
    <ClInclude Include="cs520\HW3\HW3InputHandler.h">
      <Filter>cs520\HW3</Filter>
    </ClInclude>
    <ClInclude Include="General\PrimitiveComponent.h" />
    <ClInclude Include="General\Component.h">
      <Filter>General</Filter>
    </ClInclude>
    <ClInclude Include="Mesh\Model.h">
      <Filter>Mesh</Filter>
    </ClInclude>
    <ClInclude Include="SimpleWorld\SimpleWorld.h">
      <Filter>SimpleWorld</Filter>
    </ClInclude>
    <ClInclude Include="GlobalStringDefinition.h" />
    <ClInclude Include="Mesh\Mesh.h">
      <Filter>Mesh</Filter>
    </ClInclude>
    <ClInclude Include="General\SceneObject.h" />
    <ClInclude Include="Mesh\StaticMeshComponent.h" />
    <ClInclude Include="Physics\ForceGenerators\AnchoredSpringFG.h">
      <Filter>Physics\ForceGenerators</Filter>
    </ClInclude>
    <ClInclude Include="Physics\ForceGenerators\FakeSprintFG.h">
      <Filter>Physics\ForceGenerators</Filter>
    </ClInclude>
    <ClInclude Include="Physics\ContactGenerators\ParticleContactGenerator.h">
      <Filter>Physics\ContactGenerators</Filter>
    </ClInclude>
    <ClInclude Include="ParticleLink.h">
      <Filter>Physics\ContactGenerators</Filter>
    </ClInclude>
    <ClInclude Include="Physics\Contacts.h">
      <Filter>Physics</Filter>
    </ClInclude>
  </ItemGroup>
  <ItemGroup>
    <Filter Include="General">
      <UniqueIdentifier>{9e44ebe8-2591-485c-bf58-9aa63caa7575}</UniqueIdentifier>
    </Filter>
    <Filter Include="cs520">
      <UniqueIdentifier>{cf3de7ab-1364-4184-ab2e-e582f2529fd1}</UniqueIdentifier>
    </Filter>
    <Filter Include="Physics">
      <UniqueIdentifier>{190338e8-b9a2-43ae-8580-a4cfcd68a407}</UniqueIdentifier>
    </Filter>
    <Filter Include="Physics\ForceGenerators">
      <UniqueIdentifier>{b0ba428e-a28b-4b9f-82c5-93e4e5e49768}</UniqueIdentifier>
    </Filter>
    <Filter Include="Render">
      <UniqueIdentifier>{c957b322-0a29-4d93-a88a-0e0b40edae03}</UniqueIdentifier>
    </Filter>
    <Filter Include="cs520\HW1">
      <UniqueIdentifier>{3feba147-a39f-4ebb-8064-040aeed525e5}</UniqueIdentifier>
    </Filter>
    <Filter Include="cs520\HW2">
      <UniqueIdentifier>{85c13920-2263-486f-b2f6-145a4a8e681e}</UniqueIdentifier>
    </Filter>
    <Filter Include="ParticleSystem">
      <UniqueIdentifier>{aad5303f-efd1-4a72-90e0-1f800c236605}</UniqueIdentifier>
    </Filter>
    <Filter Include="Math">
      <UniqueIdentifier>{a1b3c734-316f-4fc4-80ea-a5cfc288cbc4}</UniqueIdentifier>
    </Filter>
    <Filter Include="cs520\HW3">
      <UniqueIdentifier>{9cced202-bf02-44cd-8867-bf3f932b0bf1}</UniqueIdentifier>
    </Filter>
    <Filter Include="Mesh">
      <UniqueIdentifier>{35648f1d-82e3-4582-b699-af05964e2c7b}</UniqueIdentifier>
    </Filter>
    <Filter Include="SimpleWorld">
      <UniqueIdentifier>{9f916e56-8a9c-4cc4-8d64-c6a005ff6962}</UniqueIdentifier>
    </Filter>
    <Filter Include="Physics\ContactGenerators">
      <UniqueIdentifier>{1f9240d5-0070-498b-b977-a27872176adc}</UniqueIdentifier>
    </Filter>
  </ItemGroup>
</Project>